
Microsoft Visual Studio Solution File, Format Version 12.00
# Visual Studio Version 17
VisualStudioVersion = 17.3.32804.467
MinimumVisualStudioVersion = 10.0.40219.1
Project("{FAE04EC0-301F-11D3-BF4B-00C04F79EFBC}") = "ABMC_Empleados", "ABMC_Empleados\ABMC_Empleados.csproj", "{A4156647-2012-40A7-BFDE-F27F58C84522}"
EndProject
Global
	GlobalSection(SolutionConfigurationPlatforms) = preSolution
		Debug|Any CPU = Debug|Any CPU
		Release|Any CPU = Release|Any CPU
	EndGlobalSection
	GlobalSection(ProjectConfigurationPlatforms) = postSolution
		{A4156647-2012-40A7-BFDE-F27F58C84522}.Debug|Any CPU.ActiveCfg = Debug|Any CPU
		{A4156647-2012-40A7-BFDE-F27F58C84522}.Debug|Any CPU.Build.0 = Debug|Any CPU
		{A4156647-2012-40A7-BFDE-F27F58C84522}.Release|Any CPU.ActiveCfg = Release|Any CPU
		{A4156647-2012-40A7-BFDE-F27F58C84522}.Release|Any CPU.Build.0 = Release|Any CPU
	EndGlobalSection
	GlobalSection(SolutionProperties) = preSolution
		HideSolutionNode = FALSE
	EndGlobalSection
	GlobalSection(ExtensibilityGlobals) = postSolution
		SolutionGuid = {CD6E73BA-654A-4E93-AF5B-5F29886816F2}
	EndGlobalSection
EndGlobal
